
Microsoft Visual Studio Solution File, Format Version 12.00
# Visual Studio 15
VisualStudioVersion = 15.0.26403.3
MinimumVisualStudioVersion = 10.0.40219.1
Project("{FAE04EC0-301F-11D3-BF4B-00C04F79EFBC}") = "IX.Undoable", "IX.Undoable\IX.Undoable.csproj", "{559866EF-E54F-4239-9C38-B7B046F588E0}"
EndProject
Project("{2150E333-8FDC-42A3-9474-1A3956D46DE8}") = "Solution Items", "Solution Items", "{6CE4052E-69F1-4AEE-8DF8-92E72D18AF7A}"
	ProjectSection(SolutionItems) = preProject
		.editorconfig = .editorconfig
		.gitattributes = .gitattributes
		.gitignore = .gitignore
		LICENSE.md = LICENSE.md
	EndProjectSection
EndProject
Project("{FAE04EC0-301F-11D3-BF4B-00C04F79EFBC}") = "IX.Undoable.WPF", "IX.Undoable.WPF\IX.Undoable.WPF.csproj", "{112C8366-06F0-41A3-B429-E2A978A97C3B}"
EndProject
Global
	GlobalSection(SolutionConfigurationPlatforms) = preSolution
		Debug|Any CPU = Debug|Any CPU
		Release|Any CPU = Release|Any CPU
	EndGlobalSection
	GlobalSection(ProjectConfigurationPlatforms) = postSolution
		{559866EF-E54F-4239-9C38-B7B046F588E0}.Debug|Any CPU.ActiveCfg = Debug|Any CPU
		{559866EF-E54F-4239-9C38-B7B046F588E0}.Debug|Any CPU.Build.0 = Debug|Any CPU
		{559866EF-E54F-4239-9C38-B7B046F588E0}.Release|Any CPU.ActiveCfg = Release|Any CPU
		{559866EF-E54F-4239-9C38-B7B046F588E0}.Release|Any CPU.Build.0 = Release|Any CPU
		{112C8366-06F0-41A3-B429-E2A978A97C3B}.Debug|Any CPU.ActiveCfg = Debug|Any CPU
		{112C8366-06F0-41A3-B429-E2A978A97C3B}.Debug|Any CPU.Build.0 = Debug|Any CPU
		{112C8366-06F0-41A3-B429-E2A978A97C3B}.Release|Any CPU.ActiveCfg = Release|Any CPU
		{112C8366-06F0-41A3-B429-E2A978A97C3B}.Release|Any CPU.Build.0 = Release|Any CPU
	EndGlobalSection
	GlobalSection(SolutionProperties) = preSolution
		HideSolutionNode = FALSE
	EndGlobalSection
EndGlobal
